// !$*UTF8*$!
{
	archiveVersion = 1;
	classes = {
	};
	objectVersion = 56;
	objects = {

/* Begin PBXBuildFile section */
		3756975A2C65C68000BAB09D /* HistoryView.swift in Sources */ = {isa = PBXBuildFile; fileRef = 375697592C65C68000BAB09D /* HistoryView.swift */; };
		3756975C2C65EDDB00BAB09D /* AnimatedPressButton.swift in Sources */ = {isa = PBXBuildFile; fileRef = 3756975B2C65EDDB00BAB09D /* AnimatedPressButton.swift */; };
		3756975E2C66000600BAB09D /* SettingsView.swift in Sources */ = {isa = PBXBuildFile; fileRef = 3756975D2C66000600BAB09D /* SettingsView.swift */; };
		375697652C66159B00BAB09D /* ToastView.swift in Sources */ = {isa = PBXBuildFile; fileRef = 375697642C66159B00BAB09D /* ToastView.swift */; };
		375697882C69EA8100BAB09D /* Models.swift in Sources */ = {isa = PBXBuildFile; fileRef = 375697872C69EA8100BAB09D /* Models.swift */; };
		3756978A2C6A07F500BAB09D /* Constants.swift in Sources */ = {isa = PBXBuildFile; fileRef = 375697892C6A07F500BAB09D /* Constants.swift */; };
		3756978C2C6B1AB300BAB09D /* Color.swift in Sources */ = {isa = PBXBuildFile; fileRef = 3756978B2C6B1AB300BAB09D /* Color.swift */; };
		3756978E2C6B68F500BAB09D /* ExpenseViewModel.swift in Sources */ = {isa = PBXBuildFile; fileRef = 3756978D2C6B68F500BAB09D /* ExpenseViewModel.swift */; };
		375697912C6C8F6B00BAB09D /* CategoryViewModel.swift in Sources */ = {isa = PBXBuildFile; fileRef = 375697902C6C8F6B00BAB09D /* CategoryViewModel.swift */; };
		37B32E5B2C631634000F9312 /* ExpenseApp.swift in Sources */ = {isa = PBXBuildFile; fileRef = 37B32E5A2C631634000F9312 /* ExpenseApp.swift */; };
		37B32E5D2C631634000F9312 /* ContentView.swift in Sources */ = {isa = PBXBuildFile; fileRef = 37B32E5C2C631634000F9312 /* ContentView.swift */; };
		37B32E5F2C631636000F9312 /* Assets.xcassets in Resources */ = {isa = PBXBuildFile; fileRef = 37B32E5E2C631636000F9312 /* Assets.xcassets */; };
		37B32E622C631636000F9312 /* Preview Assets.xcassets in Resources */ = {isa = PBXBuildFile; fileRef = 37B32E612C631636000F9312 /* Preview Assets.xcassets */; };
		37B32E6A2C631707000F9312 /* NumberButton.swift in Sources */ = {isa = PBXBuildFile; fileRef = 37B32E692C631707000F9312 /* NumberButton.swift */; };
		37B32E6C2C6317D0000F9312 /* ExpenseEntryView.swift in Sources */ = {isa = PBXBuildFile; fileRef = 37B32E6B2C6317D0000F9312 /* ExpenseEntryView.swift */; };
		37B32E6F2C632B96000F9312 /* Strings.swift in Sources */ = {isa = PBXBuildFile; fileRef = 37B32E6E2C632B96000F9312 /* Strings.swift */; };
		37B32E712C634867000F9312 /* KeypadView.swift in Sources */ = {isa = PBXBuildFile; fileRef = 37B32E702C634867000F9312 /* KeypadView.swift */; };
		37B32E732C647B07000F9312 /* CategoriesView.swift in Sources */ = {isa = PBXBuildFile; fileRef = 37B32E722C647B07000F9312 /* CategoriesView.swift */; };
		37B32E792C64BB83000F9312 /* CustomTabView.swift in Sources */ = {isa = PBXBuildFile; fileRef = 37B32E782C64BB83000F9312 /* CustomTabView.swift */; };
/* End PBXBuildFile section */

/* Begin PBXFileReference section */
		375697592C65C68000BAB09D /* HistoryView.swift */ = {isa = PBXFileReference; lastKnownFileType = sourcecode.swift; path = HistoryView.swift; sourceTree = "<group>"; };
		3756975B2C65EDDB00BAB09D /* AnimatedPressButton.swift */ = {isa = PBXFileReference; lastKnownFileType = sourcecode.swift; path = AnimatedPressButton.swift; sourceTree = "<group>"; };
		3756975D2C66000600BAB09D /* SettingsView.swift */ = {isa = PBXFileReference; lastKnownFileType = sourcecode.swift; path = SettingsView.swift; sourceTree = "<group>"; };
		375697642C66159B00BAB09D /* ToastView.swift */ = {isa = PBXFileReference; lastKnownFileType = sourcecode.swift; path = ToastView.swift; sourceTree = "<group>"; };
		375697872C69EA8100BAB09D /* Models.swift */ = {isa = PBXFileReference; lastKnownFileType = sourcecode.swift; path = Models.swift; sourceTree = "<group>"; };
		375697892C6A07F500BAB09D /* Constants.swift */ = {isa = PBXFileReference; lastKnownFileType = sourcecode.swift; path = Constants.swift; sourceTree = "<group>"; };
		3756978B2C6B1AB300BAB09D /* Color.swift */ = {isa = PBXFileReference; lastKnownFileType = sourcecode.swift; path = Color.swift; sourceTree = "<group>"; };
		3756978D2C6B68F500BAB09D /* ExpenseViewModel.swift */ = {isa = PBXFileReference; lastKnownFileType = sourcecode.swift; path = ExpenseViewModel.swift; sourceTree = "<group>"; };
		375697902C6C8F6B00BAB09D /* CategoryViewModel.swift */ = {isa = PBXFileReference; lastKnownFileType = sourcecode.swift; path = CategoryViewModel.swift; sourceTree = "<group>"; };
		37B32E572C631634000F9312 /* Expense.app */ = {isa = PBXFileReference; explicitFileType = wrapper.application; includeInIndex = 0; path = Expense.app; sourceTree = BUILT_PRODUCTS_DIR; };
		37B32E5A2C631634000F9312 /* ExpenseApp.swift */ = {isa = PBXFileReference; lastKnownFileType = sourcecode.swift; path = ExpenseApp.swift; sourceTree = "<group>"; };
		37B32E5C2C631634000F9312 /* ContentView.swift */ = {isa = PBXFileReference; lastKnownFileType = sourcecode.swift; path = ContentView.swift; sourceTree = "<group>"; };
		37B32E5E2C631636000F9312 /* Assets.xcassets */ = {isa = PBXFileReference; lastKnownFileType = folder.assetcatalog; path = Assets.xcassets; sourceTree = "<group>"; };
		37B32E612C631636000F9312 /* Preview Assets.xcassets */ = {isa = PBXFileReference; lastKnownFileType = folder.assetcatalog; path = "Preview Assets.xcassets"; sourceTree = "<group>"; };
		37B32E692C631707000F9312 /* NumberButton.swift */ = {isa = PBXFileReference; lastKnownFileType = sourcecode.swift; path = NumberButton.swift; sourceTree = "<group>"; };
		37B32E6B2C6317D0000F9312 /* ExpenseEntryView.swift */ = {isa = PBXFileReference; lastKnownFileType = sourcecode.swift; path = ExpenseEntryView.swift; sourceTree = "<group>"; };
		37B32E6E2C632B96000F9312 /* Strings.swift */ = {isa = PBXFileReference; lastKnownFileType = sourcecode.swift; path = Strings.swift; sourceTree = "<group>"; };
		37B32E702C634867000F9312 /* KeypadView.swift */ = {isa = PBXFileReference; lastKnownFileType = sourcecode.swift; path = KeypadView.swift; sourceTree = "<group>"; };
		37B32E722C647B07000F9312 /* CategoriesView.swift */ = {isa = PBXFileReference; lastKnownFileType = sourcecode.swift; path = CategoriesView.swift; sourceTree = "<group>"; };
		37B32E782C64BB83000F9312 /* CustomTabView.swift */ = {isa = PBXFileReference; lastKnownFileType = sourcecode.swift; path = CustomTabView.swift; sourceTree = "<group>"; };
/* End PBXFileReference section */

/* Begin PBXFrameworksBuildPhase section */
		37B32E542C631634000F9312 /* Frameworks */ = {
			isa = PBXFrameworksBuildPhase;
			buildActionMask = 2147483647;
			files = (
			);
			runOnlyForDeploymentPostprocessing = 0;
		};
/* End PBXFrameworksBuildPhase section */

/* Begin PBXGroup section */
		3756975F2C660C0000BAB09D /* Data */ = {
			isa = PBXGroup;
			children = (
				375697872C69EA8100BAB09D /* Models.swift */,
			);
			path = Data;
			sourceTree = "<group>";
		};
		3756978F2C6C8F5600BAB09D /* ViewModels */ = {
			isa = PBXGroup;
			children = (
				3756978D2C6B68F500BAB09D /* ExpenseViewModel.swift */,
				375697902C6C8F6B00BAB09D /* CategoryViewModel.swift */,
			);
			path = ViewModels;
			sourceTree = "<group>";
		};
		37B32E4E2C631634000F9312 = {
			isa = PBXGroup;
			children = (
				37B32E592C631634000F9312 /* Expense */,
				37B32E582C631634000F9312 /* Products */,
			);
			sourceTree = "<group>";
		};
		37B32E582C631634000F9312 /* Products */ = {
			isa = PBXGroup;
			children = (
				37B32E572C631634000F9312 /* Expense.app */,
			);
			name = Products;
			sourceTree = "<group>";
		};
		37B32E592C631634000F9312 /* Expense */ = {
			isa = PBXGroup;
			children = (
				3756978F2C6C8F5600BAB09D /* ViewModels */,
				3756975F2C660C0000BAB09D /* Data */,
				37B32E6D2C632B78000F9312 /* Utils */,
				37B32E682C6316F8000F9312 /* Views */,
				37B32E5A2C631634000F9312 /* ExpenseApp.swift */,
				37B32E5C2C631634000F9312 /* ContentView.swift */,
				37B32E5E2C631636000F9312 /* Assets.xcassets */,
				37B32E602C631636000F9312 /* Preview Content */,
			);
			path = Expense;
			sourceTree = "<group>";
		};
		37B32E602C631636000F9312 /* Preview Content */ = {
			isa = PBXGroup;
			children = (
				37B32E612C631636000F9312 /* Preview Assets.xcassets */,
			);
			path = "Preview Content";
			sourceTree = "<group>";
		};
		37B32E682C6316F8000F9312 /* Views */ = {
			isa = PBXGroup;
			children = (
				37B32E692C631707000F9312 /* NumberButton.swift */,
				37B32E6B2C6317D0000F9312 /* ExpenseEntryView.swift */,
				37B32E702C634867000F9312 /* KeypadView.swift */,
				37B32E722C647B07000F9312 /* CategoriesView.swift */,
				37B32E782C64BB83000F9312 /* CustomTabView.swift */,
				375697592C65C68000BAB09D /* HistoryView.swift */,
				375697642C66159B00BAB09D /* ToastView.swift */,
				3756975B2C65EDDB00BAB09D /* AnimatedPressButton.swift */,
				3756975D2C66000600BAB09D /* SettingsView.swift */,
			);
			path = Views;
			sourceTree = "<group>";
		};
		37B32E6D2C632B78000F9312 /* Utils */ = {
			isa = PBXGroup;
			children = (
				37B32E6E2C632B96000F9312 /* Strings.swift */,
				375697892C6A07F500BAB09D /* Constants.swift */,
				3756978B2C6B1AB300BAB09D /* Color.swift */,
			);
			path = Utils;
			sourceTree = "<group>";
		};
/* End PBXGroup section */

/* Begin PBXNativeTarget section */
		37B32E562C631634000F9312 /* Expense */ = {
			isa = PBXNativeTarget;
			buildConfigurationList = 37B32E652C631636000F9312 /* Build configuration list for PBXNativeTarget "Expense" */;
			buildPhases = (
				37B32E532C631634000F9312 /* Sources */,
				37B32E542C631634000F9312 /* Frameworks */,
				37B32E552C631634000F9312 /* Resources */,
			);
			buildRules = (
			);
			dependencies = (
			);
			name = Expense;
			packageProductDependencies = (
			);
			productName = Expense;
			productReference = 37B32E572C631634000F9312 /* Expense.app */;
			productType = "com.apple.product-type.application";
		};
/* End PBXNativeTarget section */

/* Begin PBXProject section */
		37B32E4F2C631634000F9312 /* Project object */ = {
			isa = PBXProject;
			attributes = {
				BuildIndependentTargetsInParallel = 1;
				LastSwiftUpdateCheck = 1530;
				LastUpgradeCheck = 1530;
				TargetAttributes = {
					37B32E562C631634000F9312 = {
						CreatedOnToolsVersion = 15.3;
					};
				};
			};
			buildConfigurationList = 37B32E522C631634000F9312 /* Build configuration list for PBXProject "Expense" */;
			compatibilityVersion = "Xcode 14.0";
			developmentRegion = en;
			hasScannedForEncodings = 0;
			knownRegions = (
				en,
				Base,
			);
			mainGroup = 37B32E4E2C631634000F9312;
			packageReferences = (
			);
			productRefGroup = 37B32E582C631634000F9312 /* Products */;
			projectDirPath = "";
			projectRoot = "";
			targets = (
				37B32E562C631634000F9312 /* Expense */,
			);
		};
/* End PBXProject section */

/* Begin PBXResourcesBuildPhase section */
		37B32E552C631634000F9312 /* Resources */ = {
			isa = PBXResourcesBuildPhase;
			buildActionMask = 2147483647;
			files = (
				37B32E622C631636000F9312 /* Preview Assets.xcassets in Resources */,
				37B32E5F2C631636000F9312 /* Assets.xcassets in Resources */,
			);
			runOnlyForDeploymentPostprocessing = 0;
		};
/* End PBXResourcesBuildPhase section */

/* Begin PBXSourcesBuildPhase section */
		37B32E532C631634000F9312 /* Sources */ = {
			isa = PBXSourcesBuildPhase;
			buildActionMask = 2147483647;
			files = (
				3756975C2C65EDDB00BAB09D /* AnimatedPressButton.swift in Sources */,
				37B32E6C2C6317D0000F9312 /* ExpenseEntryView.swift in Sources */,
				375697652C66159B00BAB09D /* ToastView.swift in Sources */,
				37B32E732C647B07000F9312 /* CategoriesView.swift in Sources */,
				3756978E2C6B68F500BAB09D /* ExpenseViewModel.swift in Sources */,
				37B32E6A2C631707000F9312 /* NumberButton.swift in Sources */,
				3756978C2C6B1AB300BAB09D /* Color.swift in Sources */,
				37B32E712C634867000F9312 /* KeypadView.swift in Sources */,
				3756978A2C6A07F500BAB09D /* Constants.swift in Sources */,
				375697912C6C8F6B00BAB09D /* CategoryViewModel.swift in Sources */,
				3756975A2C65C68000BAB09D /* HistoryView.swift in Sources */,
				37B32E6F2C632B96000F9312 /* Strings.swift in Sources */,
				375697882C69EA8100BAB09D /* Models.swift in Sources */,
				37B32E5D2C631634000F9312 /* ContentView.swift in Sources */,
				37B32E792C64BB83000F9312 /* CustomTabView.swift in Sources */,
				37B32E5B2C631634000F9312 /* ExpenseApp.swift in Sources */,
				3756975E2C66000600BAB09D /* SettingsView.swift in Sources */,
			);
			runOnlyForDeploymentPostprocessing = 0;
		};
/* End PBXSourcesBuildPhase section */

/* Begin XCBuildConfiguration section */
		37B32E632C631636000F9312 /* Debug */ = {
			isa = XCBuildConfiguration;
			buildSettings = {
				ALWAYS_SEARCH_USER_PATHS = NO;
				ASSETCATALOG_COMPILER_GENERATE_SWIFT_ASSET_SYMBOL_EXTENSIONS = YES;
				CLANG_ANALYZER_NONNULL = YES;
				CLANG_ANALYZER_NUMBER_OBJECT_CONVERSION = YES_AGGRESSIVE;
				CLANG_CXX_LANGUAGE_STANDARD = "gnu++20";
				CLANG_ENABLE_MODULES = YES;
				CLANG_ENABLE_OBJC_ARC = YES;
				CLANG_ENABLE_OBJC_WEAK = YES;
				CLANG_WARN_BLOCK_CAPTURE_AUTORELEASING = YES;
				CLANG_WARN_BOOL_CONVERSION = YES;
				CLANG_WARN_COMMA = YES;
				CLANG_WARN_CONSTANT_CONVERSION = YES;
				CLANG_WARN_DEPRECATED_OBJC_IMPLEMENTATIONS = YES;
				CLANG_WARN_DIRECT_OBJC_ISA_USAGE = YES_ERROR;
				CLANG_WARN_DOCUMENTATION_COMMENTS = YES;
				CLANG_WARN_EMPTY_BODY = YES;
				CLANG_WARN_ENUM_CONVERSION = YES;
				CLANG_WARN_INFINITE_RECURSION = YES;
				CLANG_WARN_INT_CONVERSION = YES;
				CLANG_WARN_NON_LITERAL_NULL_CONVERSION = YES;
				CLANG_WARN_OBJC_IMPLICIT_RETAIN_SELF = YES;
				CLANG_WARN_OBJC_LITERAL_CONVERSION = YES;
				CLANG_WARN_OBJC_ROOT_CLASS = YES_ERROR;
				CLANG_WARN_QUOTED_INCLUDE_IN_FRAMEWORK_HEADER = YES;
				CLANG_WARN_RANGE_LOOP_ANALYSIS = YES;
				CLANG_WARN_STRICT_PROTOTYPES = YES;
				CLANG_WARN_SUSPICIOUS_MOVE = YES;
				CLANG_WARN_UNGUARDED_AVAILABILITY = YES_AGGRESSIVE;
				CLANG_WARN_UNREACHABLE_CODE = YES;
				CLANG_WARN__DUPLICATE_METHOD_MATCH = YES;
				COPY_PHASE_STRIP = NO;
				DEBUG_INFORMATION_FORMAT = dwarf;
				ENABLE_STRICT_OBJC_MSGSEND = YES;
				ENABLE_TESTABILITY = YES;
				ENABLE_USER_SCRIPT_SANDBOXING = YES;
				GCC_C_LANGUAGE_STANDARD = gnu17;
				GCC_DYNAMIC_NO_PIC = NO;
				GCC_NO_COMMON_BLOCKS = YES;
				GCC_OPTIMIZATION_LEVEL = 0;
				GCC_PREPROCESSOR_DEFINITIONS = (
					"DEBUG=1",
					"$(inherited)",
				);
				GCC_WARN_64_TO_32_BIT_CONVERSION = YES;
				GCC_WARN_ABOUT_RETURN_TYPE = YES_ERROR;
				GCC_WARN_UNDECLARED_SELECTOR = YES;
				GCC_WARN_UNINITIALIZED_AUTOS = YES_AGGRESSIVE;
				GCC_WARN_UNUSED_FUNCTION = YES;
				GCC_WARN_UNUSED_VARIABLE = YES;
				IPHONEOS_DEPLOYMENT_TARGET = 17.4;
				LOCALIZATION_PREFERS_STRING_CATALOGS = YES;
				MTL_ENABLE_DEBUG_INFO = INCLUDE_SOURCE;
				MTL_FAST_MATH = YES;
				ONLY_ACTIVE_ARCH = YES;
				SDKROOT = iphoneos;
				SWIFT_ACTIVE_COMPILATION_CONDITIONS = "DEBUG $(inherited)";
				SWIFT_OPTIMIZATION_LEVEL = "-Onone";
			};
			name = Debug;
		};
		37B32E642C631636000F9312 /* Release */ = {
			isa = XCBuildConfiguration;
			buildSettings = {
				ALWAYS_SEARCH_USER_PATHS = NO;
				ASSETCATALOG_COMPILER_GENERATE_SWIFT_ASSET_SYMBOL_EXTENSIONS = YES;
				CLANG_ANALYZER_NONNULL = YES;
				CLANG_ANALYZER_NUMBER_OBJECT_CONVERSION = YES_AGGRESSIVE;
				CLANG_CXX_LANGUAGE_STANDARD = "gnu++20";
				CLANG_ENABLE_MODULES = YES;
				CLANG_ENABLE_OBJC_ARC = YES;
				CLANG_ENABLE_OBJC_WEAK = YES;
				CLANG_WARN_BLOCK_CAPTURE_AUTORELEASING = YES;
				CLANG_WARN_BOOL_CONVERSION = YES;
				CLANG_WARN_COMMA = YES;
				CLANG_WARN_CONSTANT_CONVERSION = YES;
				CLANG_WARN_DEPRECATED_OBJC_IMPLEMENTATIONS = YES;
				CLANG_WARN_DIRECT_OBJC_ISA_USAGE = YES_ERROR;
				CLANG_WARN_DOCUMENTATION_COMMENTS = YES;
				CLANG_WARN_EMPTY_BODY = YES;
				CLANG_WARN_ENUM_CONVERSION = YES;
				CLANG_WARN_INFINITE_RECURSION = YES;
				CLANG_WARN_INT_CONVERSION = YES;
				CLANG_WARN_NON_LITERAL_NULL_CONVERSION = YES;
				CLANG_WARN_OBJC_IMPLICIT_RETAIN_SELF = YES;
				CLANG_WARN_OBJC_LITERAL_CONVERSION = YES;
				CLANG_WARN_OBJC_ROOT_CLASS = YES_ERROR;
				CLANG_WARN_QUOTED_INCLUDE_IN_FRAMEWORK_HEADER = YES;
				CLANG_WARN_RANGE_LOOP_ANALYSIS = YES;
				CLANG_WARN_STRICT_PROTOTYPES = YES;
				CLANG_WARN_SUSPICIOUS_MOVE = YES;
				CLANG_WARN_UNGUARDED_AVAILABILITY = YES_AGGRESSIVE;
				CLANG_WARN_UNREACHABLE_CODE = YES;
				CLANG_WARN__DUPLICATE_METHOD_MATCH = YES;
				COPY_PHASE_STRIP = NO;
				DEBUG_INFORMATION_FORMAT = "dwarf-with-dsym";
				ENABLE_NS_ASSERTIONS = NO;
				ENABLE_STRICT_OBJC_MSGSEND = YES;
				ENABLE_USER_SCRIPT_SANDBOXING = YES;
				GCC_C_LANGUAGE_STANDARD = gnu17;
				GCC_NO_COMMON_BLOCKS = YES;
				GCC_WARN_64_TO_32_BIT_CONVERSION = YES;
				GCC_WARN_ABOUT_RETURN_TYPE = YES_ERROR;
				GCC_WARN_UNDECLARED_SELECTOR = YES;
				GCC_WARN_UNINITIALIZED_AUTOS = YES_AGGRESSIVE;
				GCC_WARN_UNUSED_FUNCTION = YES;
				GCC_WARN_UNUSED_VARIABLE = YES;
				IPHONEOS_DEPLOYMENT_TARGET = 17.4;
				LOCALIZATION_PREFERS_STRING_CATALOGS = YES;
				MTL_ENABLE_DEBUG_INFO = NO;
				MTL_FAST_MATH = YES;
				SDKROOT = iphoneos;
				SWIFT_COMPILATION_MODE = wholemodule;
				VALIDATE_PRODUCT = YES;
			};
			name = Release;
		};
		37B32E662C631636000F9312 /* Debug */ = {
			isa = XCBuildConfiguration;
			buildSettings = {
				ASSETCATALOG_COMPILER_APPICON_NAME = AppIcon;
				ASSETCATALOG_COMPILER_GLOBAL_ACCENT_COLOR_NAME = AccentColor;
				CODE_SIGN_STYLE = Automatic;
				CURRENT_PROJECT_VERSION = 1;
				DEVELOPMENT_ASSET_PATHS = "\"Expense/Preview Content\"";
				DEVELOPMENT_TEAM = 2SY55TFJ22;
				ENABLE_PREVIEWS = YES;
				GENERATE_INFOPLIST_FILE = YES;
				INFOPLIST_KEY_UIApplicationSceneManifest_Generation = YES;
				INFOPLIST_KEY_UIApplicationSupportsIndirectInputEvents = YES;
				INFOPLIST_KEY_UILaunchScreen_Generation = YES;
				INFOPLIST_KEY_UISupportedInterfaceOrientations_iPad = "UIInterfaceOrientationPortrait UIInterfaceOrientationPortraitUpsideDown UIInterfaceOrientationLandscapeLeft UIInterfaceOrientationLandscapeRight";
				INFOPLIST_KEY_UISupportedInterfaceOrientations_iPhone = "UIInterfaceOrientationPortrait UIInterfaceOrientationLandscapeLeft UIInterfaceOrientationLandscapeRight";
				LD_RUNPATH_SEARCH_PATHS = (
					"$(inherited)",
					"@executable_path/Frameworks",
				);
				MARKETING_VERSION = 1.0;
				PRODUCT_BUNDLE_IDENTIFIER = expense.db99.dev.Expense;
				PRODUCT_NAME = "$(TARGET_NAME)";
				SWIFT_EMIT_LOC_STRINGS = YES;
				SWIFT_VERSION = 5.0;
				TARGETED_DEVICE_FAMILY = "1,2";
			};
			name = Debug;
		};
		37B32E672C631636000F9312 /* Release */ = {
			isa = XCBuildConfiguration;
			buildSettings = {
				ASSETCATALOG_COMPILER_APPICON_NAME = AppIcon;
				ASSETCATALOG_COMPILER_GLOBAL_ACCENT_COLOR_NAME = AccentColor;
				CODE_SIGN_STYLE = Automatic;
				CURRENT_PROJECT_VERSION = 1;
				DEVELOPMENT_ASSET_PATHS = "\"Expense/Preview Content\"";
				DEVELOPMENT_TEAM = 2SY55TFJ22;
				ENABLE_PREVIEWS = YES;
				GENERATE_INFOPLIST_FILE = YES;
				INFOPLIST_KEY_UIApplicationSceneManifest_Generation = YES;
				INFOPLIST_KEY_UIApplicationSupportsIndirectInputEvents = YES;
				INFOPLIST_KEY_UILaunchScreen_Generation = YES;
				INFOPLIST_KEY_UISupportedInterfaceOrientations_iPad = "UIInterfaceOrientationPortrait UIInterfaceOrientationPortraitUpsideDown UIInterfaceOrientationLandscapeLeft UIInterfaceOrientationLandscapeRight";
				INFOPLIST_KEY_UISupportedInterfaceOrientations_iPhone = "UIInterfaceOrientationPortrait UIInterfaceOrientationLandscapeLeft UIInterfaceOrientationLandscapeRight";
				LD_RUNPATH_SEARCH_PATHS = (
					"$(inherited)",
					"@executable_path/Frameworks",
				);
				MARKETING_VERSION = 1.0;
				PRODUCT_BUNDLE_IDENTIFIER = expense.db99.dev.Expense;
				PRODUCT_NAME = "$(TARGET_NAME)";
				SWIFT_EMIT_LOC_STRINGS = YES;
				SWIFT_VERSION = 5.0;
				TARGETED_DEVICE_FAMILY = "1,2";
			};
			name = Release;
		};
/* End XCBuildConfiguration section */

/* Begin XCConfigurationList section */
		37B32E522C631634000F9312 /* Build configuration list for PBXProject "Expense" */ = {
			isa = XCConfigurationList;
			buildConfigurations = (
				37B32E632C631636000F9312 /* Debug */,
				37B32E642C631636000F9312 /* Release */,
			);
			defaultConfigurationIsVisible = 0;
			defaultConfigurationName = Release;
		};
		37B32E652C631636000F9312 /* Build configuration list for PBXNativeTarget "Expense" */ = {
			isa = XCConfigurationList;
			buildConfigurations = (
				37B32E662C631636000F9312 /* Debug */,
				37B32E672C631636000F9312 /* Release */,
			);
			defaultConfigurationIsVisible = 0;
			defaultConfigurationName = Release;
		};
/* End XCConfigurationList section */
	};
	rootObject = 37B32E4F2C631634000F9312 /* Project object */;
}
